
Microsoft Visual Studio Solution File, Format Version 12.00
# Visual Studio Version 17
VisualStudioVersion = 17.2.32317.152
MinimumVisualStudioVersion = 10.0.40219.1
Project("{9A19103F-16F7-4668-BE54-9A1E7A4F7556}") = "ToDoMVC", "ToDoMVC\ToDoMVC.csproj", "{EACE642F-312A-4101-AEC1-028B37A5E6EA}"
EndProject
Project("{2150E333-8FDC-42A3-9474-1A3956D46DE8}") = "Solution Items", "Solution Items", "{B6BA8D0C-98DE-4267-9825-AE8A70E953BF}"
	ProjectSection(SolutionItems) = preProject
		.editorconfig = .editorconfig
	EndProjectSection
EndProject
Global
	GlobalSection(SolutionConfigurationPlatforms) = preSolution
		Debug|Any CPU = Debug|Any CPU
		Release|Any CPU = Release|Any CPU
	EndGlobalSection
	GlobalSection(ProjectConfigurationPlatforms) = postSolution
		{EACE642F-312A-4101-AEC1-028B37A5E6EA}.Debug|Any CPU.ActiveCfg = Debug|Any CPU
		{EACE642F-312A-4101-AEC1-028B37A5E6EA}.Debug|Any CPU.Build.0 = Debug|Any CPU
		{EACE642F-312A-4101-AEC1-028B37A5E6EA}.Release|Any CPU.ActiveCfg = Release|Any CPU
		{EACE642F-312A-4101-AEC1-028B37A5E6EA}.Release|Any CPU.Build.0 = Release|Any CPU
	EndGlobalSection
	GlobalSection(SolutionProperties) = preSolution
		HideSolutionNode = FALSE
	EndGlobalSection
	GlobalSection(ExtensibilityGlobals) = postSolution
		SolutionGuid = {751D40F8-278D-4076-A204-DD61E9A1CDEF}
	EndGlobalSection
EndGlobal
